dependencies:
- name: redis
  repository: https://favish.github.io/bitnami-resources
  version: 23.0.2
- name: postgresql
  repository: oci://registry-1.docker.io/bitnamicharts
  version: 16.7.27
- name: common
  repository: https://favish.github.io/bitnami-resources
  version: 2.31.6
digest: sha256:13e02e6e455fbb9d45e0b4452fd6ab80fcba6e6c1f6235f00270d4dc70acc138
generated: "2025-10-02T14:04:06.294283+07:00"
