dependencies:
- name: kibana
  repository: oci://registry-1.docker.io/bitnamicharts
  version: 12.1.10
- name: common
  repository: https://favish.github.io/bitnami-resources
  version: 2.31.6
digest: sha256:0b8b73ee4c24615c8387560896abafa5a362b90d5973537c84bce2f81790f227
generated: "2025-10-02T14:25:41.236767+07:00"
